
Microsoft Visual Studio Solution File, Format Version 12.00
# Visual Studio Version 17
VisualStudioVersion = 17.10.35013.160
MinimumVisualStudioVersion = 10.0.40219.1
Project("{FAE04EC0-301F-11D3-BF4B-00C04F79EFBC}") = "RazorPagesBooks", "RazorPagesBooks\RazorPagesBooks.csproj", "{B3DA0F58-0005-4183-B5B9-D605E7BC64E2}"
EndProject
Global
	GlobalSection(SolutionConfigurationPlatforms) = preSolution
		Debug|Any CPU = Debug|Any CPU
		Release|Any CPU = Release|Any CPU
	EndGlobalSection
	GlobalSection(ProjectConfigurationPlatforms) = postSolution
		{B3DA0F58-0005-4183-B5B9-D605E7BC64E2}.Debug|Any CPU.ActiveCfg = Debug|Any CPU
		{B3DA0F58-0005-4183-B5B9-D605E7BC64E2}.Debug|Any CPU.Build.0 = Debug|Any CPU
		{B3DA0F58-0005-4183-B5B9-D605E7BC64E2}.Release|Any CPU.ActiveCfg = Release|Any CPU
		{B3DA0F58-0005-4183-B5B9-D605E7BC64E2}.Release|Any CPU.Build.0 = Release|Any CPU
	EndGlobalSection
	GlobalSection(SolutionProperties) = preSolution
		HideSolutionNode = FALSE
	EndGlobalSection
	GlobalSection(ExtensibilityGlobals) = postSolution
		SolutionGuid = {240F35FF-B024-41E4-9F51-058FDE40573B}
	EndGlobalSection
EndGlobal
